
Microsoft Visual Studio Solution File, Format Version 12.00
# Visual Studio Version 17
VisualStudioVersion = 17.14.36717.8 d17.14
MinimumVisualStudioVersion = 10.0.40219.1
Project("{54A90642-561A-4BB1-A94E-469ADEE60C69}") = "vehicle-movement-monitoring-ui", "VehicleMovementMonitoringUI\vehicle-movement-monitoring-ui.esproj", "{0CC15C55-AD9B-2C24-7454-262E679260FF}"
EndProject
Global
	GlobalSection(SolutionConfigurationPlatforms) = preSolution
		Debug|Any CPU = Debug|Any CPU
		Release|Any CPU = Release|Any CPU
	EndGlobalSection
	GlobalSection(ProjectConfigurationPlatforms) = postSolution
		{0CC15C55-AD9B-2C24-7454-262E679260FF}.Debug|Any CPU.ActiveCfg = Debug|Any CPU
		{0CC15C55-AD9B-2C24-7454-262E679260FF}.Debug|Any CPU.Build.0 = Debug|Any CPU
		{0CC15C55-AD9B-2C24-7454-262E679260FF}.Debug|Any CPU.Deploy.0 = Debug|Any CPU
		{0CC15C55-AD9B-2C24-7454-262E679260FF}.Release|Any CPU.ActiveCfg = Release|Any CPU
		{0CC15C55-AD9B-2C24-7454-262E679260FF}.Release|Any CPU.Build.0 = Release|Any CPU
		{0CC15C55-AD9B-2C24-7454-262E679260FF}.Release|Any CPU.Deploy.0 = Release|Any CPU
	EndGlobalSection
	GlobalSection(SolutionProperties) = preSolution
		HideSolutionNode = FALSE
	EndGlobalSection
	GlobalSection(ExtensibilityGlobals) = postSolution
		SolutionGuid = {F10BFB24-32C5-49D0-B4D5-6F7074C87930}
	EndGlobalSection
EndGlobal
